// !$*UTF8*$!
{
	archiveVersion = 1;
	classes = {
	};
	objectVersion = 77;
	objects = {

/* Begin PBXContainerItemProxy section */
		5DC8685F2DE3DF6E009FE617 /* PBXContainerItemProxy */ = {
			isa = PBXContainerItemProxy;
			containerPortal = 5DC868402DE3DF6D009FE617 /* Project object */;
			proxyType = 1;
			remoteGlobalIDString = 5DC868472DE3DF6D009FE617;
			remoteInfo = JankenGame;
		};
		5DC868692DE3DF6E009FE617 /* PBXContainerItemProxy */ = {
			isa = PBXContainerItemProxy;
			containerPortal = 5DC868402DE3DF6D009FE617 /* Project object */;
			proxyType = 1;
			remoteGlobalIDString = 5DC868472DE3DF6D009FE617;
			remoteInfo = JankenGame;
		};
/* End PBXContainerItemProxy section */

/* Begin PBXFileReference section */
		5DC868482DE3DF6D009FE617 /* JankenGame.app */ = {isa = PBXFileReference; explicitFileType = wrapper.application; includeInIndex = 0; path = JankenGame.app; sourceTree = BUILT_PRODUCTS_DIR; };
		5DC8685E2DE3DF6E009FE617 /* JankenGameTests.xctest */ = {isa = PBXFileReference; explicitFileType = wrapper.cfbundle; includeInIndex = 0; path = JankenGameTests.xctest; sourceTree = BUILT_PRODUCTS_DIR; };
		5DC868682DE3DF6E009FE617 /* JankenGameUITests.xctest */ = {isa = PBXFileReference; explicitFileType = wrapper.cfbundle; includeInIndex = 0; path = JankenGameUITests.xctest; sourceTree = BUILT_PRODUCTS_DIR; };
/* End PBXFileReference section */

/* Begin PBXFileSystemSynchronizedBuildFileExceptionSet section */
		5DC868702DE3DF6E009FE617 /* Exceptions for "JankenGame" folder in "JankenGame" target */ = {
			isa = PBXFileSystemSynchronizedBuildFileExceptionSet;
			membershipExceptions = (
				Info.plist,
			);
			target = 5DC868472DE3DF6D009FE617 /* JankenGame */;
		};
/* End PBXFileSystemSynchronizedBuildFileExceptionSet section */

/* Begin PBXFileSystemSynchronizedRootGroup section */
		5DC8684A2DE3DF6D009FE617 /* JankenGame */ = {
			isa = PBXFileSystemSynchronizedRootGroup;
			exceptions = (
				5DC868702DE3DF6E009FE617 /* Exceptions for "JankenGame" folder in "JankenGame" target */,
			);
			path = JankenGame;
			sourceTree = "<group>";
		};
		5DC868612DE3DF6E009FE617 /* JankenGameTests */ = {
			isa = PBXFileSystemSynchronizedRootGroup;
			path = JankenGameTests;
			sourceTree = "<group>";
		};
		5DC8686B2DE3DF6E009FE617 /* JankenGameUITests */ = {
			isa = PBXFileSystemSynchronizedRootGroup;
			path = JankenGameUITests;
			sourceTree = "<group>";
		};
/* End PBXFileSystemSynchronizedRootGroup section */

/* Begin PBXFrameworksBuildPhase section */
		5DC868452DE3DF6D009FE617 /* Frameworks */ = {
			isa = PBXFrameworksBuildPhase;
			buildActionMask = 2147483647;
			files = (
			);
			runOnlyForDeploymentPostprocessing = 0;
		};
		5DC8685B2DE3DF6E009FE617 /* Frameworks */ = {
			isa = PBXFrameworksBuildPhase;
			buildActionMask = 2147483647;
			files = (
			);
			runOnlyForDeploymentPostprocessing = 0;
		};
		5DC868652DE3DF6E009FE617 /* Frameworks */ = {
			isa = PBXFrameworksBuildPhase;
			buildActionMask = 2147483647;
			files = (
			);
			runOnlyForDeploymentPostprocessing = 0;
		};
/* End PBXFrameworksBuildPhase section */

/* Begin PBXGroup section */
		5DC8683F2DE3DF6D009FE617 = {
			isa = PBXGroup;
			children = (
				5DC8684A2DE3DF6D009FE617 /* JankenGame */,
				5DC868612DE3DF6E009FE617 /* JankenGameTests */,
				5DC8686B2DE3DF6E009FE617 /* JankenGameUITests */,
				5DC868492DE3DF6D009FE617 /* Products */,
			);
			sourceTree = "<group>";
		};
		5DC868492DE3DF6D009FE617 /* Products */ = {
			isa = PBXGroup;
			children = (
				5DC868482DE3DF6D009FE617 /* JankenGame.app */,
				5DC8685E2DE3DF6E009FE617 /* JankenGameTests.xctest */,
				5DC868682DE3DF6E009FE617 /* JankenGameUITests.xctest */,
			);
			name = Products;
			sourceTree = "<group>";
		};
/* End PBXGroup section */

/* Begin PBXNativeTarget section */
		5DC868472DE3DF6D009FE617 /* JankenGame */ = {
			isa = PBXNativeTarget;
			buildConfigurationList = 5DC868712DE3DF6E009FE617 /* Build configuration list for PBXNativeTarget "JankenGame" */;
			buildPhases = (
				5DC868442DE3DF6D009FE617 /* Sources */,
				5DC868452DE3DF6D009FE617 /* Frameworks */,
				5DC868462DE3DF6D009FE617 /* Resources */,
			);
			buildRules = (
			);
			dependencies = (
			);
			fileSystemSynchronizedGroups = (
				5DC8684A2DE3DF6D009FE617 /* JankenGame */,
			);
			name = JankenGame;
			packageProductDependencies = (
			);
			productName = JankenGame;
			productReference = 5DC868482DE3DF6D009FE617 /* JankenGame.app */;
			productType = "com.apple.product-type.application";
		};
		5DC8685D2DE3DF6E009FE617 /* JankenGameTests */ = {
			isa = PBXNativeTarget;
			buildConfigurationList = 5DC868762DE3DF6E009FE617 /* Build configuration list for PBXNativeTarget "JankenGameTests" */;
			buildPhases = (
				5DC8685A2DE3DF6E009FE617 /* Sources */,
				5DC8685B2DE3DF6E009FE617 /* Frameworks */,
				5DC8685C2DE3DF6E009FE617 /* Resources */,
			);
			buildRules = (
			);
			dependencies = (
				5DC868602DE3DF6E009FE617 /* PBXTargetDependency */,
			);
			fileSystemSynchronizedGroups = (
				5DC868612DE3DF6E009FE617 /* JankenGameTests */,
			);
			name = JankenGameTests;
			packageProductDependencies = (
			);
			productName = JankenGameTests;
			productReference = 5DC8685E2DE3DF6E009FE617 /* JankenGameTests.xctest */;
			productType = "com.apple.product-type.bundle.unit-test";
		};
		5DC868672DE3DF6E009FE617 /* JankenGameUITests */ = {
			isa = PBXNativeTarget;
			buildConfigurationList = 5DC868792DE3DF6E009FE617 /* Build configuration list for PBXNativeTarget "JankenGameUITests" */;
			buildPhases = (
				5DC868642DE3DF6E009FE617 /* Sources */,
				5DC868652DE3DF6E009FE617 /* Frameworks */,
				5DC868662DE3DF6E009FE617 /* Resources */,
			);
			buildRules = (
			);
			dependencies = (
				5DC8686A2DE3DF6E009FE617 /* PBXTargetDependency */,
			);
			fileSystemSynchronizedGroups = (
				5DC8686B2DE3DF6E009FE617 /* JankenGameUITests */,
			);
			name = JankenGameUITests;
			packageProductDependencies = (
			);
			productName = JankenGameUITests;
			productReference = 5DC868682DE3DF6E009FE617 /* JankenGameUITests.xctest */;
			productType = "com.apple.product-type.bundle.ui-testing";
		};
/* End PBXNativeTarget section */

/* Begin PBXProject section */
		5DC868402DE3DF6D009FE617 /* Project object */ = {
			isa = PBXProject;
			attributes = {
				BuildIndependentTargetsInParallel = 1;
				LastSwiftUpdateCheck = 1620;
				LastUpgradeCheck = 1620;
				TargetAttributes = {
					5DC868472DE3DF6D009FE617 = {
						CreatedOnToolsVersion = 16.2;
					};
					5DC8685D2DE3DF6E009FE617 = {
						CreatedOnToolsVersion = 16.2;
						TestTargetID = 5DC868472DE3DF6D009FE617;
					};
					5DC868672DE3DF6E009FE617 = {
						CreatedOnToolsVersion = 16.2;
						TestTargetID = 5DC868472DE3DF6D009FE617;
					};
				};
			};
			buildConfigurationList = 5DC868432DE3DF6D009FE617 /* Build configuration list for PBXProject "JankenGame" */;
			developmentRegion = en;
			hasScannedForEncodings = 0;
			knownRegions = (
				en,
				Base,
			);
			mainGroup = 5DC8683F2DE3DF6D009FE617;
			minimizedProjectReferenceProxies = 1;
			preferredProjectObjectVersion = 77;
			productRefGroup = 5DC868492DE3DF6D009FE617 /* Products */;
			projectDirPath = "";
			projectRoot = "";
			targets = (
				5DC868472DE3DF6D009FE617 /* JankenGame */,
				5DC8685D2DE3DF6E009FE617 /* JankenGameTests */,
				5DC868672DE3DF6E009FE617 /* JankenGameUITests */,
			);
		};
/* End PBXProject section */

/* Begin PBXResourcesBuildPhase section */
		5DC868462DE3DF6D009FE617 /* Resources */ = {
			isa = PBXResourcesBuildPhase;
			buildActionMask = 2147483647;
			files = (
			);
			runOnlyForDeploymentPostprocessing = 0;
		};
		5DC8685C2DE3DF6E009FE617 /* Resources */ = {
			isa = PBXResourcesBuildPhase;
			buildActionMask = 2147483647;
			files = (
			);
			runOnlyForDeploymentPostprocessing = 0;
		};
		5DC868662DE3DF6E009FE617 /* Resources */ = {
			isa = PBXResourcesBuildPhase;
			buildActionMask = 2147483647;
			files = (
			);
			runOnlyForDeploymentPostprocessing = 0;
		};
/* End PBXResourcesBuildPhase section */

/* Begin PBXSourcesBuildPhase section */
		5DC868442DE3DF6D009FE617 /* Sources */ = {
			isa = PBXSourcesBuildPhase;
			buildActionMask = 2147483647;
			files = (
			);
			runOnlyForDeploymentPostprocessing = 0;
		};
		5DC8685A2DE3DF6E009FE617 /* Sources */ = {
			isa = PBXSourcesBuildPhase;
			buildActionMask = 2147483647;
			files = (
			);
			runOnlyForDeploymentPostprocessing = 0;
		};
		5DC868642DE3DF6E009FE617 /* Sources */ = {
			isa = PBXSourcesBuildPhase;
			buildActionMask = 2147483647;
			files = (
			);
			runOnlyForDeploymentPostprocessing = 0;
		};
/* End PBXSourcesBuildPhase section */

/* Begin PBXTargetDependency section */
		5DC868602DE3DF6E009FE617 /* PBXTargetDependency */ = {
			isa = PBXTargetDependency;
			target = 5DC868472DE3DF6D009FE617 /* JankenGame */;
			targetProxy = 5DC8685F2DE3DF6E009FE617 /* PBXContainerItemProxy */;
		};
		5DC8686A2DE3DF6E009FE617 /* PBXTargetDependency */ = {
			isa = PBXTargetDependency;
			target = 5DC868472DE3DF6D009FE617 /* JankenGame */;
			targetProxy = 5DC868692DE3DF6E009FE617 /* PBXContainerItemProxy */;
		};
/* End PBXTargetDependency section */

/* Begin XCBuildConfiguration section */
		5DC868722DE3DF6E009FE617 /* Debug */ = {
			isa = XCBuildConfiguration;
			buildSettings = {
				ASSETCATALOG_COMPILER_APPICON_NAME = AppIcon;
				ASSETCATALOG_COMPILER_GLOBAL_ACCENT_COLOR_NAME = AccentColor;
				CODE_SIGN_STYLE = Automatic;
				CURRENT_PROJECT_VERSION = 1;
				DEVELOPMENT_TEAM = MVRMHV64GC;
				GENERATE_INFOPLIST_FILE = YES;
				INFOPLIST_FILE = JankenGame/Info.plist;
				INFOPLIST_KEY_UIApplicationSupportsIndirectInputEvents = YES;
				INFOPLIST_KEY_UILaunchStoryboardName = LaunchScreen;
				INFOPLIST_KEY_UIMainStoryboardFile = Main;
				INFOPLIST_KEY_UISupportedInterfaceOrientations = UIInterfaceOrientationPortrait;
				LD_RUNPATH_SEARCH_PATHS = (
					"$(inherited)",
					"@executable_path/Frameworks",
				);
				MARKETING_VERSION = 1.0;
				PRODUCT_BUNDLE_IDENTIFIER = com.gmail.saison0507.JankenGame;
				PRODUCT_NAME = "$(TARGET_NAME)";
				SWIFT_EMIT_LOC_STRINGS = YES;
				SWIFT_VERSION = 5.0;
				TARGETED_DEVICE_FAMILY = "1,2";
			};
			name = Debug;
		};
		5DC868732DE3DF6E009FE617 /* Release */ = {
			isa = XCBuildConfiguration;
			buildSettings = {
				ASSETCATALOG_COMPILER_APPICON_NAME = AppIcon;
				ASSETCATALOG_COMPILER_GLOBAL_ACCENT_COLOR_NAME = AccentColor;
				CODE_SIGN_STYLE = Automatic;
				CURRENT_PROJECT_VERSION = 1;
				DEVELOPMENT_TEAM = MVRMHV64GC;
				GENERATE_INFOPLIST_FILE = YES;
				INFOPLIST_FILE = JankenGame/Info.plist;
				INFOPLIST_KEY_UIApplicationSupportsIndirectInputEvents = YES;
				INFOPLIST_KEY_UILaunchStoryboardName = LaunchScreen;
				INFOPLIST_KEY_UIMainStoryboardFile = Main;
				INFOPLIST_KEY_UISupportedInterfaceOrientations = UIInterfaceOrientationPortrait;
				LD_RUNPATH_SEARCH_PATHS = (
					"$(inherited)",
					"@executable_path/Frameworks",
				);
				MARKETING_VERSION = 1.0;
				PRODUCT_BUNDLE_IDENTIFIER = com.gmail.saison0507.JankenGame;
				PRODUCT_NAME = "$(TARGET_NAME)";
				SWIFT_EMIT_LOC_STRINGS = YES;
				SWIFT_VERSION = 5.0;
				TARGETED_DEVICE_FAMILY = "1,2";
			};
			name = Release;
		};
		5DC868742DE3DF6E009FE617 /* Debug */ = {
			isa = XCBuildConfiguration;
			buildSettings = {
				ALWAYS_SEARCH_USER_PATHS = NO;
				ASSETCATALOG_COMPILER_GENERATE_SWIFT_ASSET_SYMBOL_EXTENSIONS = YES;
				CLANG_ANALYZER_NONNULL = YES;
				CLANG_ANALYZER_NUMBER_OBJECT_CONVERSION = YES_AGGRESSIVE;
				CLANG_CXX_LANGUAGE_STANDARD = "gnu++20";
				CLANG_ENABLE_MODULES = YES;
				CLANG_ENABLE_OBJC_ARC = YES;
				CLANG_ENABLE_OBJC_WEAK = YES;
				CLANG_WARN_BLOCK_CAPTURE_AUTORELEASING = YES;
				CLANG_WARN_BOOL_CONVERSION = YES;
				CLANG_WARN_COMMA = YES;
				CLANG_WARN_CONSTANT_CONVERSION = YES;
				CLANG_WARN_DEPRECATED_OBJC_IMPLEMENTATIONS = YES;
				CLANG_WARN_DIRECT_OBJC_ISA_USAGE = YES_ERROR;
				CLANG_WARN_DOCUMENTATION_COMMENTS = YES;
				CLANG_WARN_EMPTY_BODY = YES;
				CLANG_WARN_ENUM_CONVERSION = YES;
				CLANG_WARN_INFINITE_RECURSION = YES;
				CLANG_WARN_INT_CONVERSION = YES;
				CLANG_WARN_NON_LITERAL_NULL_CONVERSION = YES;
				CLANG_WARN_OBJC_IMPLICIT_RETAIN_SELF = YES;
				CLANG_WARN_OBJC_LITERAL_CONVERSION = YES;
				CLANG_WARN_OBJC_ROOT_CLASS = YES_ERROR;
				CLANG_WARN_QUOTED_INCLUDE_IN_FRAMEWORK_HEADER = YES;
				CLANG_WARN_RANGE_LOOP_ANALYSIS = YES;
				CLANG_WARN_STRICT_PROTOTYPES = YES;
				CLANG_WARN_SUSPICIOUS_MOVE = YES;
				CLANG_WARN_UNGUARDED_AVAILABILITY = YES_AGGRESSIVE;
				CLANG_WARN_UNREACHABLE_CODE = YES;
				CLANG_WARN__DUPLICATE_METHOD_MATCH = YES;
				COPY_PHASE_STRIP = NO;
				DEBUG_INFORMATION_FORMAT = dwarf;
				ENABLE_STRICT_OBJC_MSGSEND = YES;
				ENABLE_TESTABILITY = YES;
				ENABLE_USER_SCRIPT_SANDBOXING = YES;
				GCC_C_LANGUAGE_STANDARD = gnu17;
				GCC_DYNAMIC_NO_PIC = NO;
				GCC_NO_COMMON_BLOCKS = YES;
				GCC_OPTIMIZATION_LEVEL = 0;
				GCC_PREPROCESSOR_DEFINITIONS = (
					"DEBUG=1",
					"$(inherited)",
				);
				GCC_WARN_64_TO_32_BIT_CONVERSION = YES;
				GCC_WARN_ABOUT_RETURN_TYPE = YES_ERROR;
				GCC_WARN_UNDECLARED_SELECTOR = YES;
				GCC_WARN_UNINITIALIZED_AUTOS = YES_AGGRESSIVE;
				GCC_WARN_UNUSED_FUNCTION = YES;
				GCC_WARN_UNUSED_VARIABLE = YES;
				IPHONEOS_DEPLOYMENT_TARGET = 18.2;
				LOCALIZATION_PREFERS_STRING_CATALOGS = YES;
				MTL_ENABLE_DEBUG_INFO = INCLUDE_SOURCE;
				MTL_FAST_MATH = YES;
				ONLY_ACTIVE_ARCH = YES;
				SDKROOT = iphoneos;
				SWIFT_ACTIVE_COMPILATION_CONDITIONS = "DEBUG $(inherited)";
				SWIFT_OPTIMIZATION_LEVEL = "-Onone";
			};
			name = Debug;
		};
		5DC868752DE3DF6E009FE617 /* Release */ = {
			isa = XCBuildConfiguration;
			buildSettings = {
				ALWAYS_SEARCH_USER_PATHS = NO;
				ASSETCATALOG_COMPILER_GENERATE_SWIFT_ASSET_SYMBOL_EXTENSIONS = YES;
				CLANG_ANALYZER_NONNULL = YES;
				CLANG_ANALYZER_NUMBER_OBJECT_CONVERSION = YES_AGGRESSIVE;
				CLANG_CXX_LANGUAGE_STANDARD = "gnu++20";
				CLANG_ENABLE_MODULES = YES;
				CLANG_ENABLE_OBJC_ARC = YES;
				CLANG_ENABLE_OBJC_WEAK = YES;
				CLANG_WARN_BLOCK_CAPTURE_AUTORELEASING = YES;
				CLANG_WARN_BOOL_CONVERSION = YES;
				CLANG_WARN_COMMA = YES;
				CLANG_WARN_CONSTANT_CONVERSION = YES;
				CLANG_WARN_DEPRECATED_OBJC_IMPLEMENTATIONS = YES;
				CLANG_WARN_DIRECT_OBJC_ISA_USAGE = YES_ERROR;
				CLANG_WARN_DOCUMENTATION_COMMENTS = YES;
				CLANG_WARN_EMPTY_BODY = YES;
				CLANG_WARN_ENUM_CONVERSION = YES;
				CLANG_WARN_INFINITE_RECURSION = YES;
				CLANG_WARN_INT_CONVERSION = YES;
				CLANG_WARN_NON_LITERAL_NULL_CONVERSION = YES;
				CLANG_WARN_OBJC_IMPLICIT_RETAIN_SELF = YES;
				CLANG_WARN_OBJC_LITERAL_CONVERSION = YES;
				CLANG_WARN_OBJC_ROOT_CLASS = YES_ERROR;
				CLANG_WARN_QUOTED_INCLUDE_IN_FRAMEWORK_HEADER = YES;
				CLANG_WARN_RANGE_LOOP_ANALYSIS = YES;
				CLANG_WARN_STRICT_PROTOTYPES = YES;
				CLANG_WARN_SUSPICIOUS_MOVE = YES;
				CLANG_WARN_UNGUARDED_AVAILABILITY = YES_AGGRESSIVE;
				CLANG_WARN_UNREACHABLE_CODE = YES;
				CLANG_WARN__DUPLICATE_METHOD_MATCH = YES;
				COPY_PHASE_STRIP = NO;
				DEBUG_INFORMATION_FORMAT = "dwarf-with-dsym";
				ENABLE_NS_ASSERTIONS = NO;
				ENABLE_STRICT_OBJC_MSGSEND = YES;
				ENABLE_USER_SCRIPT_SANDBOXING = YES;
				GCC_C_LANGUAGE_STANDARD = gnu17;
				GCC_NO_COMMON_BLOCKS = YES;
				GCC_WARN_64_TO_32_BIT_CONVERSION = YES;
				GCC_WARN_ABOUT_RETURN_TYPE = YES_ERROR;
				GCC_WARN_UNDECLARED_SELECTOR = YES;
				GCC_WARN_UNINITIALIZED_AUTOS = YES_AGGRESSIVE;
				GCC_WARN_UNUSED_FUNCTION = YES;
				GCC_WARN_UNUSED_VARIABLE = YES;
				IPHONEOS_DEPLOYMENT_TARGET = 18.2;
				LOCALIZATION_PREFERS_STRING_CATALOGS = YES;
				MTL_ENABLE_DEBUG_INFO = NO;
				MTL_FAST_MATH = YES;
				SDKROOT = iphoneos;
				SWIFT_COMPILATION_MODE = wholemodule;
				VALIDATE_PRODUCT = YES;
			};
			name = Release;
		};
		5DC868772DE3DF6E009FE617 /* Debug */ = {
			isa = XCBuildConfiguration;
			buildSettings = {
				BUNDLE_LOADER = "$(TEST_HOST)";
				CODE_SIGN_STYLE = Automatic;
				CURRENT_PROJECT_VERSION = 1;
				DEVELOPMENT_TEAM = MVRMHV64GC;
				GENERATE_INFOPLIST_FILE = YES;
				IPHONEOS_DEPLOYMENT_TARGET = 18.2;
				MARKETING_VERSION = 1.0;
				PRODUCT_BUNDLE_IDENTIFIER = com.gmail.saison0507.JankenGameTests;
				PRODUCT_NAME = "$(TARGET_NAME)";
				SWIFT_EMIT_LOC_STRINGS = NO;
				SWIFT_VERSION = 5.0;
				TARGETED_DEVICE_FAMILY = "1,2";
				TEST_HOST = "$(BUILT_PRODUCTS_DIR)/JankenGame.app/$(BUNDLE_EXECUTABLE_FOLDER_PATH)/JankenGame";
			};
			name = Debug;
		};
		5DC868782DE3DF6E009FE617 /* Release */ = {
			isa = XCBuildConfiguration;
			buildSettings = {
				BUNDLE_LOADER = "$(TEST_HOST)";
				CODE_SIGN_STYLE = Automatic;
				CURRENT_PROJECT_VERSION = 1;
				DEVELOPMENT_TEAM = MVRMHV64GC;
				GENERATE_INFOPLIST_FILE = YES;
				IPHONEOS_DEPLOYMENT_TARGET = 18.2;
				MARKETING_VERSION = 1.0;
				PRODUCT_BUNDLE_IDENTIFIER = com.gmail.saison0507.JankenGameTests;
				PRODUCT_NAME = "$(TARGET_NAME)";
				SWIFT_EMIT_LOC_STRINGS = NO;
				SWIFT_VERSION = 5.0;
				TARGETED_DEVICE_FAMILY = "1,2";
				TEST_HOST = "$(BUILT_PRODUCTS_DIR)/JankenGame.app/$(BUNDLE_EXECUTABLE_FOLDER_PATH)/JankenGame";
			};
			name = Release;
		};
		5DC8687A2DE3DF6E009FE617 /* Debug */ = {
			isa = XCBuildConfiguration;
			buildSettings = {
				CODE_SIGN_STYLE = Automatic;
				CURRENT_PROJECT_VERSION = 1;
				DEVELOPMENT_TEAM = MVRMHV64GC;
				GENERATE_INFOPLIST_FILE = YES;
				MARKETING_VERSION = 1.0;
				PRODUCT_BUNDLE_IDENTIFIER = com.gmail.saison0507.JankenGameUITests;
				PRODUCT_NAME = "$(TARGET_NAME)";
				SWIFT_EMIT_LOC_STRINGS = NO;
				SWIFT_VERSION = 5.0;
				TARGETED_DEVICE_FAMILY = "1,2";
				TEST_TARGET_NAME = JankenGame;
			};
			name = Debug;
		};
		5DC8687B2DE3DF6E009FE617 /* Release */ = {
			isa = XCBuildConfiguration;
			buildSettings = {
				CODE_SIGN_STYLE = Automatic;
				CURRENT_PROJECT_VERSION = 1;
				DEVELOPMENT_TEAM = MVRMHV64GC;
				GENERATE_INFOPLIST_FILE = YES;
				MARKETING_VERSION = 1.0;
				PRODUCT_BUNDLE_IDENTIFIER = com.gmail.saison0507.JankenGameUITests;
				PRODUCT_NAME = "$(TARGET_NAME)";
				SWIFT_EMIT_LOC_STRINGS = NO;
				SWIFT_VERSION = 5.0;
				TARGETED_DEVICE_FAMILY = "1,2";
				TEST_TARGET_NAME = JankenGame;
			};
			name = Release;
		};
/* End XCBuildConfiguration section */

/* Begin XCConfigurationList section */
		5DC868432DE3DF6D009FE617 /* Build configuration list for PBXProject "JankenGame" */ = {
			isa = XCConfigurationList;
			buildConfigurations = (
				5DC868742DE3DF6E009FE617 /* Debug */,
				5DC868752DE3DF6E009FE617 /* Release */,
			);
			defaultConfigurationIsVisible = 0;
			defaultConfigurationName = Release;
		};
		5DC868712DE3DF6E009FE617 /* Build configuration list for PBXNativeTarget "JankenGame" */ = {
			isa = XCConfigurationList;
			buildConfigurations = (
				5DC868722DE3DF6E009FE617 /* Debug */,
				5DC868732DE3DF6E009FE617 /* Release */,
			);
			defaultConfigurationIsVisible = 0;
			defaultConfigurationName = Release;
		};
		5DC868762DE3DF6E009FE617 /* Build configuration list for PBXNativeTarget "JankenGameTests" */ = {
			isa = XCConfigurationList;
			buildConfigurations = (
				5DC868772DE3DF6E009FE617 /* Debug */,
				5DC868782DE3DF6E009FE617 /* Release */,
			);
			defaultConfigurationIsVisible = 0;
			defaultConfigurationName = Release;
		};
		5DC868792DE3DF6E009FE617 /* Build configuration list for PBXNativeTarget "JankenGameUITests" */ = {
			isa = XCConfigurationList;
			buildConfigurations = (
				5DC8687A2DE3DF6E009FE617 /* Debug */,
				5DC8687B2DE3DF6E009FE617 /* Release */,
			);
			defaultConfigurationIsVisible = 0;
			defaultConfigurationName = Release;
		};
/* End XCConfigurationList section */
	};
	rootObject = 5DC868402DE3DF6D009FE617 /* Project object */;
}
